// !$*UTF8*$!
{
	archiveVersion = 1;
	classes = {
	};
	objectVersion = 46;
	objects = {

/* Begin PBXBuildFile section */
		3E504E4C1D7046C900DABDB2 /* FancyView.swift in Sources */ = {isa = PBXBuildFile; fileRef = 3E504E4B1D7046C900DABDB2 /* FancyView.swift */; };
		3E504E511D70477700DABDB2 /* Constants.swift in Sources */ = {isa = PBXBuildFile; fileRef = 3E504E501D70477700DABDB2 /* Constants.swift */; };
		3E504E531D70490A00DABDB2 /* RoundBtn.swift in Sources */ = {isa = PBXBuildFile; fileRef = 3E504E521D70490A00DABDB2 /* RoundBtn.swift */; };
		3E504E551D704BD400DABDB2 /* FancyField.swift in Sources */ = {isa = PBXBuildFile; fileRef = 3E504E541D704BD400DABDB2 /* FancyField.swift */; };
		3E504E571D704D1B00DABDB2 /* FancyBtn.swift in Sources */ = {isa = PBXBuildFile; fileRef = 3E504E561D704D1B00DABDB2 /* FancyBtn.swift */; };
		3ED711A11D6FCA37005BA6FB /* AppDelegate.swift in Sources */ = {isa = PBXBuildFile; fileRef = 3ED711A01D6FCA37005BA6FB /* AppDelegate.swift */; };
		3ED711A31D6FCA37005BA6FB /* SignInVC.swift in Sources */ = {isa = PBXBuildFile; fileRef = 3ED711A21D6FCA37005BA6FB /* SignInVC.swift */; };
		3ED711A61D6FCA37005BA6FB /* Main.storyboard in Resources */ = {isa = PBXBuildFile; fileRef = 3ED711A41D6FCA37005BA6FB /* Main.storyboard */; };
		3ED711A81D6FCA37005BA6FB /* Assets.xcassets in Resources */ = {isa = PBXBuildFile; fileRef = 3ED711A71D6FCA37005BA6FB /* Assets.xcassets */; };
		3ED711AB1D6FCA37005BA6FB /* LaunchScreen.storyboard in Resources */ = {isa = PBXBuildFile; fileRef = 3ED711A91D6FCA37005BA6FB /* LaunchScreen.storyboard */; };
		3ED711B31D6FCA85005BA6FB /* GoogleService-Info.plist in Resources */ = {isa = PBXBuildFile; fileRef = 3ED711B21D6FCA85005BA6FB /* GoogleService-Info.plist */; };
		F9CAD33C0F5DBCE120E7DF3F /* Pods_PavloSocial.framework in Frameworks */ = {isa = PBXBuildFile; fileRef = 144DCE3DBC95CF518D6D8B62 /* Pods_PavloSocial.framework */; };
/* End PBXBuildFile section */

/* Begin PBXFileReference section */
		144DCE3DBC95CF518D6D8B62 /* Pods_PavloSocial.framework */ = {isa = PBXFileReference; explicitFileType = wrapper.framework; includeInIndex = 0; path = Pods_PavloSocial.framework; sourceTree = BUILT_PRODUCTS_DIR; };
		3E504E4B1D7046C900DABDB2 /* FancyView.swift */ = {isa = PBXFileReference; fileEncoding = 4; lastKnownFileType = sourcecode.swift; path = FancyView.swift; sourceTree = "<group>"; };
		3E504E501D70477700DABDB2 /* Constants.swift */ = {isa = PBXFileReference; fileEncoding = 4; lastKnownFileType = sourcecode.swift; path = Constants.swift; sourceTree = "<group>"; };
		3E504E521D70490A00DABDB2 /* RoundBtn.swift */ = {isa = PBXFileReference; fileEncoding = 4; lastKnownFileType = sourcecode.swift; path = RoundBtn.swift; sourceTree = "<group>"; };
		3E504E541D704BD400DABDB2 /* FancyField.swift */ = {isa = PBXFileReference; fileEncoding = 4; lastKnownFileType = sourcecode.swift; path = FancyField.swift; sourceTree = "<group>"; };
		3E504E561D704D1B00DABDB2 /* FancyBtn.swift */ = {isa = PBXFileReference; fileEncoding = 4; lastKnownFileType = sourcecode.swift; path = FancyBtn.swift; sourceTree = "<group>"; };
		3ED7119D1D6FCA37005BA6FB /* PavloSocial.app */ = {isa = PBXFileReference; explicitFileType = wrapper.application; includeInIndex = 0; path = PavloSocial.app; sourceTree = BUILT_PRODUCTS_DIR; };
		3ED711A01D6FCA37005BA6FB /* AppDelegate.swift */ = {isa = PBXFileReference; lastKnownFileType = sourcecode.swift; path = AppDelegate.swift; sourceTree = "<group>"; };
		3ED711A21D6FCA37005BA6FB /* SignInVC.swift */ = {isa = PBXFileReference; lastKnownFileType = sourcecode.swift; path = SignInVC.swift; sourceTree = "<group>"; };
		3ED711A51D6FCA37005BA6FB /* Base */ = {isa = PBXFileReference; lastKnownFileType = file.storyboard; name = Base; path = Base.lproj/Main.storyboard; sourceTree = "<group>"; };
		3ED711A71D6FCA37005BA6FB /* Assets.xcassets */ = {isa = PBXFileReference; lastKnownFileType = folder.assetcatalog; path = Assets.xcassets; sourceTree = "<group>"; };
		3ED711AA1D6FCA37005BA6FB /* Base */ = {isa = PBXFileReference; lastKnownFileType = file.storyboard; name = Base; path = Base.lproj/LaunchScreen.storyboard; sourceTree = "<group>"; };
		3ED711AC1D6FCA37005BA6FB /* Info.plist */ = {isa = PBXFileReference; lastKnownFileType = text.plist.xml; path = Info.plist; sourceTree = "<group>"; };
		3ED711B21D6FCA85005BA6FB /* GoogleService-Info.plist */ = {isa = PBXFileReference; fileEncoding = 4; lastKnownFileType = text.plist.xml; path = "GoogleService-Info.plist"; sourceTree = "<group>"; };
		B27902C10DBEA842809337DB /* Pods-PavloSocial.debug.xcconfig */ = {isa = PBXFileReference; includeInIndex = 1; lastKnownFileType = text.xcconfig; name = "Pods-PavloSocial.debug.xcconfig"; path = "Pods/Target Support Files/Pods-PavloSocial/Pods-PavloSocial.debug.xcconfig"; sourceTree = "<group>"; };
		D4CA6A1095E086E8BA793077 /* Pods-PavloSocial.release.xcconfig */ = {isa = PBXFileReference; includeInIndex = 1; lastKnownFileType = text.xcconfig; name = "Pods-PavloSocial.release.xcconfig"; path = "Pods/Target Support Files/Pods-PavloSocial/Pods-PavloSocial.release.xcconfig"; sourceTree = "<group>"; };
/* End PBXFileReference section */

/* Begin PBXFrameworksBuildPhase section */
		3ED7119A1D6FCA37005BA6FB /* Frameworks */ = {
			isa = PBXFrameworksBuildPhase;
			buildActionMask = 2147483647;
			files = (
				F9CAD33C0F5DBCE120E7DF3F /* Pods_PavloSocial.framework in Frameworks */,
			);
			runOnlyForDeploymentPostprocessing = 0;
		};
/* End PBXFrameworksBuildPhase section */

/* Begin PBXGroup section */
		3E4CF57D1D6FD2550065480F /* Model */ = {
			isa = PBXGroup;
			children = (
			);
			name = Model;
			sourceTree = "<group>";
		};
		3E4CF57E1D6FD25C0065480F /* View */ = {
			isa = PBXGroup;
			children = (
				3E504E4B1D7046C900DABDB2 /* FancyView.swift */,
				3E504E521D70490A00DABDB2 /* RoundBtn.swift */,
				3E504E541D704BD400DABDB2 /* FancyField.swift */,
				3E504E561D704D1B00DABDB2 /* FancyBtn.swift */,
			);
			name = View;
			sourceTree = "<group>";
		};
		3E4CF57F1D6FD2630065480F /* Controller */ = {
			isa = PBXGroup;
			children = (
				3ED711A21D6FCA37005BA6FB /* SignInVC.swift */,
			);
			name = Controller;
			sourceTree = "<group>";
		};
		3E504E4D1D70474800DABDB2 /* Util */ = {
			isa = PBXGroup;
			children = (
				3E504E501D70477700DABDB2 /* Constants.swift */,
			);
			name = Util;
			sourceTree = "<group>";
		};
		3ED711941D6FCA37005BA6FB = {
			isa = PBXGroup;
			children = (
				3ED7119F1D6FCA37005BA6FB /* PavloSocial */,
				3ED7119E1D6FCA37005BA6FB /* Products */,
				8B1BC7692CAF4DCE8E7B9E21 /* Pods */,
				4F32CF7EE93B6CB9CCA8C5A0 /* Frameworks */,
			);
			sourceTree = "<group>";
		};
		3ED7119E1D6FCA37005BA6FB /* Products */ = {
			isa = PBXGroup;
			children = (
				3ED7119D1D6FCA37005BA6FB /* PavloSocial.app */,
			);
			name = Products;
			sourceTree = "<group>";
		};
		3ED7119F1D6FCA37005BA6FB /* PavloSocial */ = {
			isa = PBXGroup;
			children = (
				3E504E4D1D70474800DABDB2 /* Util */,
				3E4CF57F1D6FD2630065480F /* Controller */,
				3E4CF57E1D6FD25C0065480F /* View */,
				3E4CF57D1D6FD2550065480F /* Model */,
				3ED711A01D6FCA37005BA6FB /* AppDelegate.swift */,
				3ED711A41D6FCA37005BA6FB /* Main.storyboard */,
				3ED711A71D6FCA37005BA6FB /* Assets.xcassets */,
				3ED711A91D6FCA37005BA6FB /* LaunchScreen.storyboard */,
				3ED711AC1D6FCA37005BA6FB /* Info.plist */,
				3ED711B21D6FCA85005BA6FB /* GoogleService-Info.plist */,
			);
			path = PavloSocial;
			sourceTree = "<group>";
		};
		4F32CF7EE93B6CB9CCA8C5A0 /* Frameworks */ = {
			isa = PBXGroup;
			children = (
				144DCE3DBC95CF518D6D8B62 /* Pods_PavloSocial.framework */,
			);
			name = Frameworks;
			sourceTree = "<group>";
		};
		8B1BC7692CAF4DCE8E7B9E21 /* Pods */ = {
			isa = PBXGroup;
			children = (
				B27902C10DBEA842809337DB /* Pods-PavloSocial.debug.xcconfig */,
				D4CA6A1095E086E8BA793077 /* Pods-PavloSocial.release.xcconfig */,
			);
			name = Pods;
			sourceTree = "<group>";
		};
/* End PBXGroup section */

/* Begin PBXNativeTarget section */
		3ED7119C1D6FCA37005BA6FB /* PavloSocial */ = {
			isa = PBXNativeTarget;
			buildConfigurationList = 3ED711AF1D6FCA37005BA6FB /* Build configuration list for PBXNativeTarget "PavloSocial" */;
			buildPhases = (
				AFEF87C415E9935E440790EE /* [CP] Check Pods Manifest.lock */,
				3ED711991D6FCA37005BA6FB /* Sources */,
				3ED7119A1D6FCA37005BA6FB /* Frameworks */,
				3ED7119B1D6FCA37005BA6FB /* Resources */,
				97C159CB73B5B25E5BC0DFA9 /* [CP] Embed Pods Frameworks */,
				FBD3E2F8256893FDBDCF30FA /* [CP] Copy Pods Resources */,
			);
			buildRules = (
			);
			dependencies = (
			);
			name = PavloSocial;
			productName = PavloSocial;
			productReference = 3ED7119D1D6FCA37005BA6FB /* PavloSocial.app */;
			productType = "com.apple.product-type.application";
		};
/* End PBXNativeTarget section */

/* Begin PBXProject section */
		3ED711951D6FCA37005BA6FB /* Project object */ = {
			isa = PBXProject;
			attributes = {
				LastSwiftUpdateCheck = 0800;
				LastUpgradeCheck = 0800;
				ORGANIZATIONNAME = "Pavlos Nicolaou";
				TargetAttributes = {
					3ED7119C1D6FCA37005BA6FB = {
						CreatedOnToolsVersion = 8.0;
						DevelopmentTeam = WWK47579VD;
						ProvisioningStyle = Automatic;
					};
				};
			};
			buildConfigurationList = 3ED711981D6FCA37005BA6FB /* Build configuration list for PBXProject "PavloSocial" */;
			compatibilityVersion = "Xcode 3.2";
			developmentRegion = English;
			hasScannedForEncodings = 0;
			knownRegions = (
				en,
				Base,
			);
			mainGroup = 3ED711941D6FCA37005BA6FB;
			productRefGroup = 3ED7119E1D6FCA37005BA6FB /* Products */;
			projectDirPath = "";
			projectRoot = "";
			targets = (
				3ED7119C1D6FCA37005BA6FB /* PavloSocial */,
			);
		};
/* End PBXProject section */

/* Begin PBXResourcesBuildPhase section */
		3ED7119B1D6FCA37005BA6FB /* Resources */ = {
			isa = PBXResourcesBuildPhase;
			buildActionMask = 2147483647;
			files = (
				3ED711AB1D6FCA37005BA6FB /* LaunchScreen.storyboard in Resources */,
				3ED711B31D6FCA85005BA6FB /* GoogleService-Info.plist in Resources */,
				3ED711A81D6FCA37005BA6FB /* Assets.xcassets in Resources */,
				3ED711A61D6FCA37005BA6FB /* Main.storyboard in Resources */,
			);
			runOnlyForDeploymentPostprocessing = 0;
		};
/* End PBXResourcesBuildPhase section */

/* Begin PBXShellScriptBuildPhase section */
		97C159CB73B5B25E5BC0DFA9 /* [CP] Embed Pods Frameworks */ = {
			isa = PBXShellScriptBuildPhase;
			buildActionMask = 2147483647;
			files = (
			);
			inputPaths = (
			);
			name = "[CP] Embed Pods Frameworks";
			outputPaths = (
			);
			runOnlyForDeploymentPostprocessing = 0;
			shellPath = /bin/sh;
			shellScript = "\"${SRCROOT}/Pods/Target Support Files/Pods-PavloSocial/Pods-PavloSocial-frameworks.sh\"\n";
			showEnvVarsInLog = 0;
		};
		AFEF87C415E9935E440790EE /* [CP] Check Pods Manifest.lock */ = {
			isa = PBXShellScriptBuildPhase;
			buildActionMask = 2147483647;
			files = (
			);
			inputPaths = (
			);
			name = "[CP] Check Pods Manifest.lock";
			outputPaths = (
			);
			runOnlyForDeploymentPostprocessing = 0;
			shellPath = /bin/sh;
			shellScript = "diff \"${PODS_ROOT}/../Podfile.lock\" \"${PODS_ROOT}/Manifest.lock\" > /dev/null\nif [[ $? != 0 ]] ; then\n    cat << EOM\nerror: The sandbox is not in sync with the Podfile.lock. Run 'pod install' or update your CocoaPods installation.\nEOM\n    exit 1\nfi\n";
			showEnvVarsInLog = 0;
		};
		FBD3E2F8256893FDBDCF30FA /* [CP] Copy Pods Resources */ = {
			isa = PBXShellScriptBuildPhase;
			buildActionMask = 2147483647;
			files = (
			);
			inputPaths = (
			);
			name = "[CP] Copy Pods Resources";
			outputPaths = (
			);
			runOnlyForDeploymentPostprocessing = 0;
			shellPath = /bin/sh;
			shellScript = "\"${SRCROOT}/Pods/Target Support Files/Pods-PavloSocial/Pods-PavloSocial-resources.sh\"\n";
			showEnvVarsInLog = 0;
		};
/* End PBXShellScriptBuildPhase section */

/* Begin PBXSourcesBuildPhase section */
		3ED711991D6FCA37005BA6FB /* Sources */ = {
			isa = PBXSourcesBuildPhase;
			buildActionMask = 2147483647;
			files = (
				3E504E551D704BD400DABDB2 /* FancyField.swift in Sources */,
				3ED711A31D6FCA37005BA6FB /* SignInVC.swift in Sources */,
				3E504E531D70490A00DABDB2 /* RoundBtn.swift in Sources */,
				3ED711A11D6FCA37005BA6FB /* AppDelegate.swift in Sources */,
				3E504E4C1D7046C900DABDB2 /* FancyView.swift in Sources */,
				3E504E511D70477700DABDB2 /* Constants.swift in Sources */,
				3E504E571D704D1B00DABDB2 /* FancyBtn.swift in Sources */,
			);
			runOnlyForDeploymentPostprocessing = 0;
		};
/* End PBXSourcesBuildPhase section */

/* Begin PBXVariantGroup section */
		3ED711A41D6FCA37005BA6FB /* Main.storyboard */ = {
			isa = PBXVariantGroup;
			children = (
				3ED711A51D6FCA37005BA6FB /* Base */,
			);
			name = Main.storyboard;
			sourceTree = "<group>";
		};
		3ED711A91D6FCA37005BA6FB /* LaunchScreen.storyboard */ = {
			isa = PBXVariantGroup;
			children = (
				3ED711AA1D6FCA37005BA6FB /* Base */,
			);
			name = LaunchScreen.storyboard;
			sourceTree = "<group>";
		};
/* End PBXVariantGroup section */

/* Begin XCBuildConfiguration section */
		3ED711AD1D6FCA37005BA6FB /* Debug */ = {
			isa = XCBuildConfiguration;
			buildSettings = {
				ALWAYS_SEARCH_USER_PATHS = NO;
				CLANG_ANALYZER_NONNULL = YES;
				CLANG_CXX_LANGUAGE_STANDARD = "gnu++0x";
				CLANG_CXX_LIBRARY = "libc++";
				CLANG_ENABLE_MODULES = YES;
				CLANG_ENABLE_OBJC_ARC = YES;
				CLANG_WARN_BOOL_CONVERSION = YES;
				CLANG_WARN_CONSTANT_CONVERSION = YES;
				CLANG_WARN_DIRECT_OBJC_ISA_USAGE = YES_ERROR;
				CLANG_WARN_DOCUMENTATION_COMMENTS = YES;
				CLANG_WARN_EMPTY_BODY = YES;
				CLANG_WARN_ENUM_CONVERSION = YES;
				CLANG_WARN_INFINITE_RECURSION = YES;
				CLANG_WARN_INT_CONVERSION = YES;
				CLANG_WARN_OBJC_ROOT_CLASS = YES_ERROR;
				CLANG_WARN_SUSPICIOUS_MOVE = YES;
				CLANG_WARN_SUSPICIOUS_MOVES = YES;
				CLANG_WARN_UNREACHABLE_CODE = YES;
				CLANG_WARN__DUPLICATE_METHOD_MATCH = YES;
				"CODE_SIGN_IDENTITY[sdk=iphoneos*]" = "iPhone Developer";
				COPY_PHASE_STRIP = NO;
				DEBUG_INFORMATION_FORMAT = dwarf;
				ENABLE_STRICT_OBJC_MSGSEND = YES;
				ENABLE_TESTABILITY = YES;
				GCC_C_LANGUAGE_STANDARD = gnu99;
				GCC_DYNAMIC_NO_PIC = NO;
				GCC_NO_COMMON_BLOCKS = YES;
				GCC_OPTIMIZATION_LEVEL = 0;
				GCC_PREPROCESSOR_DEFINITIONS = (
					"DEBUG=1",
					"$(inherited)",
				);
				GCC_WARN_64_TO_32_BIT_CONVERSION = YES;
				GCC_WARN_ABOUT_RETURN_TYPE = YES_ERROR;
				GCC_WARN_UNDECLARED_SELECTOR = YES;
				GCC_WARN_UNINITIALIZED_AUTOS = YES_AGGRESSIVE;
				GCC_WARN_UNUSED_FUNCTION = YES;
				GCC_WARN_UNUSED_VARIABLE = YES;
				IPHONEOS_DEPLOYMENT_TARGET = 10.0;
				MTL_ENABLE_DEBUG_INFO = YES;
				ONLY_ACTIVE_ARCH = YES;
				SDKROOT = iphoneos;
				SWIFT_ACTIVE_COMPILATION_CONDITIONS = DEBUG;
				SWIFT_OPTIMIZATION_LEVEL = "-Onone";
				TARGETED_DEVICE_FAMILY = "1,2";
			};
			name = Debug;
		};
		3ED711AE1D6FCA37005BA6FB /* Release */ = {
			isa = XCBuildConfiguration;
			buildSettings = {
				ALWAYS_SEARCH_USER_PATHS = NO;
				CLANG_ANALYZER_NONNULL = YES;
				CLANG_CXX_LANGUAGE_STANDARD = "gnu++0x";
				CLANG_CXX_LIBRARY = "libc++";
				CLANG_ENABLE_MODULES = YES;
				CLANG_ENABLE_OBJC_ARC = YES;
				CLANG_WARN_BOOL_CONVERSION = YES;
				CLANG_WARN_CONSTANT_CONVERSION = YES;
				CLANG_WARN_DIRECT_OBJC_ISA_USAGE = YES_ERROR;
				CLANG_WARN_DOCUMENTATION_COMMENTS = YES;
				CLANG_WARN_EMPTY_BODY = YES;
				CLANG_WARN_ENUM_CONVERSION = YES;
				CLANG_WARN_INFINITE_RECURSION = YES;
				CLANG_WARN_INT_CONVERSION = YES;
				CLANG_WARN_OBJC_ROOT_CLASS = YES_ERROR;
				CLANG_WARN_SUSPICIOUS_MOVE = YES;
				CLANG_WARN_SUSPICIOUS_MOVES = YES;
				CLANG_WARN_UNREACHABLE_CODE = YES;
				CLANG_WARN__DUPLICATE_METHOD_MATCH = YES;
				"CODE_SIGN_IDENTITY[sdk=iphoneos*]" = "iPhone Developer";
				COPY_PHASE_STRIP = NO;
				DEBUG_INFORMATION_FORMAT = "dwarf-with-dsym";
				ENABLE_NS_ASSERTIONS = NO;
				ENABLE_STRICT_OBJC_MSGSEND = YES;
				GCC_C_LANGUAGE_STANDARD = gnu99;
				GCC_NO_COMMON_BLOCKS = YES;
				GCC_WARN_64_TO_32_BIT_CONVERSION = YES;
				GCC_WARN_ABOUT_RETURN_TYPE = YES_ERROR;
				GCC_WARN_UNDECLARED_SELECTOR = YES;
				GCC_WARN_UNINITIALIZED_AUTOS = YES_AGGRESSIVE;
				GCC_WARN_UNUSED_FUNCTION = YES;
				GCC_WARN_UNUSED_VARIABLE = YES;
				IPHONEOS_DEPLOYMENT_TARGET = 10.0;
				MTL_ENABLE_DEBUG_INFO = NO;
				SDKROOT = iphoneos;
				SWIFT_OPTIMIZATION_LEVEL = "-Owholemodule";
				TARGETED_DEVICE_FAMILY = "1,2";
				VALIDATE_PRODUCT = YES;
			};
			name = Release;
		};
		3ED711B01D6FCA37005BA6FB /* Debug */ = {
			isa = XCBuildConfiguration;
			baseConfigurationReference = B27902C10DBEA842809337DB /* Pods-PavloSocial.debug.xcconfig */;
			buildSettings = {
				ASSETCATALOG_COMPILER_APPICON_NAME = AppIcon;
				DEVELOPMENT_TEAM = WWK47579VD;
				INFOPLIST_FILE = PavloSocial/Info.plist;
				LD_RUNPATH_SEARCH_PATHS = "$(inherited) @executable_path/Frameworks";
				PRODUCT_BUNDLE_IDENTIFIER = com.pavlosnicolaou.PavloSocial;
				PRODUCT_NAME = "$(TARGET_NAME)";
				SWIFT_VERSION = 3.0;
			};
			name = Debug;
		};
		3ED711B11D6FCA37005BA6FB /* Release */ = {
			isa = XCBuildConfiguration;
			baseConfigurationReference = D4CA6A1095E086E8BA793077 /* Pods-PavloSocial.release.xcconfig */;
			buildSettings = {
				ASSETCATALOG_COMPILER_APPICON_NAME = AppIcon;
				DEVELOPMENT_TEAM = WWK47579VD;
				INFOPLIST_FILE = PavloSocial/Info.plist;
				LD_RUNPATH_SEARCH_PATHS = "$(inherited) @executable_path/Frameworks";
				PRODUCT_BUNDLE_IDENTIFIER = com.pavlosnicolaou.PavloSocial;
				PRODUCT_NAME = "$(TARGET_NAME)";
				SWIFT_VERSION = 3.0;
			};
			name = Release;
		};
/* End XCBuildConfiguration section */

/* Begin XCConfigurationList section */
		3ED711981D6FCA37005BA6FB /* Build configuration list for PBXProject "PavloSocial" */ = {
			isa = XCConfigurationList;
			buildConfigurations = (
				3ED711AD1D6FCA37005BA6FB /* Debug */,
				3ED711AE1D6FCA37005BA6FB /* Release */,
			);
			defaultConfigurationIsVisible = 0;
			defaultConfigurationName = Release;
		};
		3ED711AF1D6FCA37005BA6FB /* Build configuration list for PBXNativeTarget "PavloSocial" */ = {
			isa = XCConfigurationList;
			buildConfigurations = (
				3ED711B01D6FCA37005BA6FB /* Debug */,
				3ED711B11D6FCA37005BA6FB /* Release */,
			);
			defaultConfigurationIsVisible = 0;
			defaultConfigurationName = Release;
		};
/* End XCConfigurationList section */
	};
	rootObject = 3ED711951D6FCA37005BA6FB /* Project object */;
}
